
Microsoft Visual Studio Solution File, Format Version 12.00
# Visual Studio Version 16
VisualStudioVersion = 16.0.32901.82
MinimumVisualStudioVersion = 10.0.40219.1
Project("{FAE04EC0-301F-11D3-BF4B-00C04F79EFBC}") = "EspadaEscudo", "EspadaEscudo\EspadaEscudo.csproj", "{6B625D50-F3A1-4727-8AA4-47A97871C5FD}"
EndProject
Global
	GlobalSection(SolutionConfigurationPlatforms) = preSolution
		Debug|Any CPU = Debug|Any CPU
		Release|Any CPU = Release|Any CPU
	EndGlobalSection
	GlobalSection(ProjectConfigurationPlatforms) = postSolution
		{6B625D50-F3A1-4727-8AA4-47A97871C5FD}.Debug|Any CPU.ActiveCfg = Debug|Any CPU
		{6B625D50-F3A1-4727-8AA4-47A97871C5FD}.Debug|Any CPU.Build.0 = Debug|Any CPU
		{6B625D50-F3A1-4727-8AA4-47A97871C5FD}.Release|Any CPU.ActiveCfg = Release|Any CPU
		{6B625D50-F3A1-4727-8AA4-47A97871C5FD}.Release|Any CPU.Build.0 = Release|Any CPU
	EndGlobalSection
	GlobalSection(SolutionProperties) = preSolution
		HideSolutionNode = FALSE
	EndGlobalSection
	GlobalSection(ExtensibilityGlobals) = postSolution
		SolutionGuid = {4D18B85C-B0D1-4D2A-BF5C-2F0959E5DC99}
	EndGlobalSection
EndGlobal
